// !$*UTF8*$!
{
	archiveVersion = 1;
	classes = {
	};
	objectVersion = 46;
	objects = {

/* Begin PBXBuildFile section */
		BDF8C2171DF4F5260079B102 /* AppDelegate.swift in Sources */ = {isa = PBXBuildFile; fileRef = BDF8C2161DF4F5260079B102 /* AppDelegate.swift */; };
		BDF8C2191DF4F5260079B102 /* ViewController.swift in Sources */ = {isa = PBXBuildFile; fileRef = BDF8C2181DF4F5260079B102 /* ViewController.swift */; };
		BDF8C21C1DF4F5260079B102 /* Main.storyboard in Resources */ = {isa = PBXBuildFile; fileRef = BDF8C21A1DF4F5260079B102 /* Main.storyboard */; };
		BDF8C21E1DF4F5260079B102 /* Assets.xcassets in Resources */ = {isa = PBXBuildFile; fileRef = BDF8C21D1DF4F5260079B102 /* Assets.xcassets */; };
		BDF8C2211DF4F5260079B102 /* LaunchScreen.storyboard in Resources */ = {isa = PBXBuildFile; fileRef = BDF8C21F1DF4F5260079B102 /* LaunchScreen.storyboard */; };
/* End PBXBuildFile section */

/* Begin PBXFileReference section */
		BDF8C2131DF4F5260079B102 /* Swift Appp.app */ = {isa = PBXFileReference; explicitFileType = wrapper.application; includeInIndex = 0; path = "Swift Appp.app"; sourceTree = BUILT_PRODUCTS_DIR; };
		BDF8C2161DF4F5260079B102 /* AppDelegate.swift */ = {isa = PBXFileReference; lastKnownFileType = sourcecode.swift; path = AppDelegate.swift; sourceTree = "<group>"; };
		BDF8C2181DF4F5260079B102 /* ViewController.swift */ = {isa = PBXFileReference; lastKnownFileType = sourcecode.swift; path = ViewController.swift; sourceTree = "<group>"; };
		BDF8C21B1DF4F5260079B102 /* Base */ = {isa = PBXFileReference; lastKnownFileType = file.storyboard; name = Base; path = Base.lproj/Main.storyboard; sourceTree = "<group>"; };
		BDF8C21D1DF4F5260079B102 /* Assets.xcassets */ = {isa = PBXFileReference; lastKnownFileType = folder.assetcatalog; path = Assets.xcassets; sourceTree = "<group>"; };
		BDF8C2201DF4F5260079B102 /* Base */ = {isa = PBXFileReference; lastKnownFileType = file.storyboard; name = Base; path = Base.lproj/LaunchScreen.storyboard; sourceTree = "<group>"; };
		BDF8C2221DF4F5260079B102 /* Info.plist */ = {isa = PBXFileReference; lastKnownFileType = text.plist.xml; path = Info.plist; sourceTree = "<group>"; };
/* End PBXFileReference section */

/* Begin PBXFrameworksBuildPhase section */
		BDF8C2101DF4F5260079B102 /* Frameworks */ = {
			isa = PBXFrameworksBuildPhase;
			buildActionMask = 2147483647;
			files = (
			);
			runOnlyForDeploymentPostprocessing = 0;
		};
/* End PBXFrameworksBuildPhase section */

/* Begin PBXGroup section */
		BDF8C20A1DF4F5260079B102 = {
			isa = PBXGroup;
			children = (
				BDF8C2151DF4F5260079B102 /* Swift Appp */,
				BDF8C2141DF4F5260079B102 /* Products */,
			);
			sourceTree = "<group>";
		};
		BDF8C2141DF4F5260079B102 /* Products */ = {
			isa = PBXGroup;
			children = (
				BDF8C2131DF4F5260079B102 /* Swift Appp.app */,
			);
			name = Products;
			sourceTree = "<group>";
		};
		BDF8C2151DF4F5260079B102 /* Swift Appp */ = {
			isa = PBXGroup;
			children = (
				BDF8C2161DF4F5260079B102 /* AppDelegate.swift */,
				BDF8C2181DF4F5260079B102 /* ViewController.swift */,
				BDF8C21A1DF4F5260079B102 /* Main.storyboard */,
				BDF8C21D1DF4F5260079B102 /* Assets.xcassets */,
				BDF8C21F1DF4F5260079B102 /* LaunchScreen.storyboard */,
				BDF8C2221DF4F5260079B102 /* Info.plist */,
			);
			path = "Swift Appp";
			sourceTree = "<group>";
		};
/* End PBXGroup section */

/* Begin PBXNativeTarget section */
		BDF8C2121DF4F5260079B102 /* Swift Appp */ = {
			isa = PBXNativeTarget;
			buildConfigurationList = BDF8C2251DF4F5260079B102 /* Build configuration list for PBXNativeTarget "Swift Appp" */;
			buildPhases = (
				BDF8C20F1DF4F5260079B102 /* Sources */,
				BDF8C2101DF4F5260079B102 /* Frameworks */,
				BDF8C2111DF4F5260079B102 /* Resources */,
			);
			buildRules = (
			);
			dependencies = (
			);
			name = "Swift Appp";
			productName = "Swift Appp";
			productReference = BDF8C2131DF4F5260079B102 /* Swift Appp.app */;
			productType = "com.apple.product-type.application";
		};
/* End PBXNativeTarget section */

/* Begin PBXProject section */
		BDF8C20B1DF4F5260079B102 /* Project object */ = {
			isa = PBXProject;
			attributes = {
				LastSwiftUpdateCheck = 0810;
				LastUpgradeCheck = 0810;
				ORGANIZATIONNAME = SAIDAHMAD;
				TargetAttributes = {
					BDF8C2121DF4F5260079B102 = {
						CreatedOnToolsVersion = 8.1;
						ProvisioningStyle = Automatic;
					};
				};
			};
			buildConfigurationList = BDF8C20E1DF4F5260079B102 /* Build configuration list for PBXProject "Swift Appp" */;
			compatibilityVersion = "Xcode 3.2";
			developmentRegion = English;
			hasScannedForEncodings = 0;
			knownRegions = (
				en,
				Base,
			);
			mainGroup = BDF8C20A1DF4F5260079B102;
			productRefGroup = BDF8C2141DF4F5260079B102 /* Products */;
			projectDirPath = "";
			projectRoot = "";
			targets = (
				BDF8C2121DF4F5260079B102 /* Swift Appp */,
			);
		};
/* End PBXProject section */

/* Begin PBXResourcesBuildPhase section */
		BDF8C2111DF4F5260079B102 /* Resources */ = {
			isa = PBXResourcesBuildPhase;
			buildActionMask = 2147483647;
			files = (
				BDF8C2211DF4F5260079B102 /* LaunchScreen.storyboard in Resources */,
				BDF8C21E1DF4F5260079B102 /* Assets.xcassets in Resources */,
				BDF8C21C1DF4F5260079B102 /* Main.storyboard in Resources */,
			);
			runOnlyForDeploymentPostprocessing = 0;
		};
/* End PBXResourcesBuildPhase section */

/* Begin PBXSourcesBuildPhase section */
		BDF8C20F1DF4F5260079B102 /* Sources */ = {
			isa = PBXSourcesBuildPhase;
			buildActionMask = 2147483647;
			files = (
				BDF8C2191DF4F5260079B102 /* ViewController.swift in Sources */,
				BDF8C2171DF4F5260079B102 /* AppDelegate.swift in Sources */,
			);
			runOnlyForDeploymentPostprocessing = 0;
		};
/* End PBXSourcesBuildPhase section */

/* Begin PBXVariantGroup section */
		BDF8C21A1DF4F5260079B102 /* Main.storyboard */ = {
			isa = PBXVariantGroup;
			children = (
				BDF8C21B1DF4F5260079B102 /* Base */,
			);
			name = Main.storyboard;
			sourceTree = "<group>";
		};
		BDF8C21F1DF4F5260079B102 /* LaunchScreen.storyboard */ = {
			isa = PBXVariantGroup;
			children = (
				BDF8C2201DF4F5260079B102 /* Base */,
			);
			name = LaunchScreen.storyboard;
			sourceTree = "<group>";
		};
/* End PBXVariantGroup section */

/* Begin XCBuildConfiguration section */
		BDF8C2231DF4F5260079B102 /* Debug */ = {
			isa = XCBuildConfiguration;
			buildSettings = {
				ALWAYS_SEARCH_USER_PATHS = NO;
				CLANG_ANALYZER_NONNULL = YES;
				CLANG_CXX_LANGUAGE_STANDARD = "gnu++0x";
				CLANG_CXX_LIBRARY = "libc++";
				CLANG_ENABLE_MODULES = YES;
				CLANG_ENABLE_OBJC_ARC = YES;
				CLANG_WARN_BOOL_CONVERSION = YES;
				CLANG_WARN_CONSTANT_CONVERSION = YES;
				CLANG_WARN_DIRECT_OBJC_ISA_USAGE = YES_ERROR;
				CLANG_WARN_DOCUMENTATION_COMMENTS = YES;
				CLANG_WARN_EMPTY_BODY = YES;
				CLANG_WARN_ENUM_CONVERSION = YES;
				CLANG_WARN_INFINITE_RECURSION = YES;
				CLANG_WARN_INT_CONVERSION = YES;
				CLANG_WARN_OBJC_ROOT_CLASS = YES_ERROR;
				CLANG_WARN_SUSPICIOUS_MOVES = YES;
				CLANG_WARN_UNREACHABLE_CODE = YES;
				CLANG_WARN__DUPLICATE_METHOD_MATCH = YES;
				"CODE_SIGN_IDENTITY[sdk=iphoneos*]" = "iPhone Developer";
				COPY_PHASE_STRIP = NO;
				DEBUG_INFORMATION_FORMAT = dwarf;
				ENABLE_STRICT_OBJC_MSGSEND = YES;
				ENABLE_TESTABILITY = YES;
				GCC_C_LANGUAGE_STANDARD = gnu99;
				GCC_DYNAMIC_NO_PIC = NO;
				GCC_NO_COMMON_BLOCKS = YES;
				GCC_OPTIMIZATION_LEVEL = 0;
				GCC_PREPROCESSOR_DEFINITIONS = (
					"DEBUG=1",
					"$(inherited)",
				);
				GCC_WARN_64_TO_32_BIT_CONVERSION = YES;
				GCC_WARN_ABOUT_RETURN_TYPE = YES_ERROR;
				GCC_WARN_UNDECLARED_SELECTOR = YES;
				GCC_WARN_UNINITIALIZED_AUTOS = YES_AGGRESSIVE;
				GCC_WARN_UNUSED_FUNCTION = YES;
				GCC_WARN_UNUSED_VARIABLE = YES;
				IPHONEOS_DEPLOYMENT_TARGET = 10.1;
				MTL_ENABLE_DEBUG_INFO = YES;
				ONLY_ACTIVE_ARCH = YES;
				SDKROOT = iphoneos;
				SWIFT_ACTIVE_COMPILATION_CONDITIONS = DEBUG;
				SWIFT_OPTIMIZATION_LEVEL = "-Onone";
				TARGETED_DEVICE_FAMILY = "1,2";
			};
			name = Debug;
		};
		BDF8C2241DF4F5260079B102 /* Release */ = {
			isa = XCBuildConfiguration;
			buildSettings = {
				ALWAYS_SEARCH_USER_PATHS = NO;
				CLANG_ANALYZER_NONNULL = YES;
				CLANG_CXX_LANGUAGE_STANDARD = "gnu++0x";
				CLANG_CXX_LIBRARY = "libc++";
				CLANG_ENABLE_MODULES = YES;
				CLANG_ENABLE_OBJC_ARC = YES;
				CLANG_WARN_BOOL_CONVERSION = YES;
				CLANG_WARN_CONSTANT_CONVERSION = YES;
				CLANG_WARN_DIRECT_OBJC_ISA_USAGE = YES_ERROR;
				CLANG_WARN_DOCUMENTATION_COMMENTS = YES;
				CLANG_WARN_EMPTY_BODY = YES;
				CLANG_WARN_ENUM_CONVERSION = YES;
				CLANG_WARN_INFINITE_RECURSION = YES;
				CLANG_WARN_INT_CONVERSION = YES;
				CLANG_WARN_OBJC_ROOT_CLASS = YES_ERROR;
				CLANG_WARN_SUSPICIOUS_MOVES = YES;
				CLANG_WARN_UNREACHABLE_CODE = YES;
				CLANG_WARN__DUPLICATE_METHOD_MATCH = YES;
				"CODE_SIGN_IDENTITY[sdk=iphoneos*]" = "iPhone Developer";
				COPY_PHASE_STRIP = NO;
				DEBUG_INFORMATION_FORMAT = "dwarf-with-dsym";
				ENABLE_NS_ASSERTIONS = NO;
				ENABLE_STRICT_OBJC_MSGSEND = YES;
				GCC_C_LANGUAGE_STANDARD = gnu99;
				GCC_NO_COMMON_BLOCKS = YES;
				GCC_WARN_64_TO_32_BIT_CONVERSION = YES;
				GCC_WARN_ABOUT_RETURN_TYPE = YES_ERROR;
				GCC_WARN_UNDECLARED_SELECTOR = YES;
				GCC_WARN_UNINITIALIZED_AUTOS = YES_AGGRESSIVE;
				GCC_WARN_UNUSED_FUNCTION = YES;
				GCC_WARN_UNUSED_VARIABLE = YES;
				IPHONEOS_DEPLOYMENT_TARGET = 10.1;
				MTL_ENABLE_DEBUG_INFO = NO;
				SDKROOT = iphoneos;
				SWIFT_OPTIMIZATION_LEVEL = "-Owholemodule";
				TARGETED_DEVICE_FAMILY = "1,2";
				VALIDATE_PRODUCT = YES;
			};
			name = Release;
		};
		BDF8C2261DF4F5260079B102 /* Debug */ = {
			isa = XCBuildConfiguration;
			buildSettings = {
				ASSETCATALOG_COMPILER_APPICON_NAME = AppIcon;
				INFOPLIST_FILE = "Swift Appp/Info.plist";
				LD_RUNPATH_SEARCH_PATHS = "$(inherited) @executable_path/Frameworks";
				PRODUCT_BUNDLE_IDENTIFIER = "swift.Swift-Appp";
				PRODUCT_NAME = "$(TARGET_NAME)";
				SWIFT_VERSION = 3.0;
			};
			name = Debug;
		};
		BDF8C2271DF4F5260079B102 /* Release */ = {
			isa = XCBuildConfiguration;
			buildSettings = {
				ASSETCATALOG_COMPILER_APPICON_NAME = AppIcon;
				INFOPLIST_FILE = "Swift Appp/Info.plist";
				LD_RUNPATH_SEARCH_PATHS = "$(inherited) @executable_path/Frameworks";
				PRODUCT_BUNDLE_IDENTIFIER = "swift.Swift-Appp";
				PRODUCT_NAME = "$(TARGET_NAME)";
				SWIFT_VERSION = 3.0;
			};
			name = Release;
		};
/* End XCBuildConfiguration section */

/* Begin XCConfigurationList section */
		BDF8C20E1DF4F5260079B102 /* Build configuration list for PBXProject "Swift Appp" */ = {
			isa = XCConfigurationList;
			buildConfigurations = (
				BDF8C2231DF4F5260079B102 /* Debug */,
				BDF8C2241DF4F5260079B102 /* Release */,
			);
			defaultConfigurationIsVisible = 0;
			defaultConfigurationName = Release;
		};
		BDF8C2251DF4F5260079B102 /* Build configuration list for PBXNativeTarget "Swift Appp" */ = {
			isa = XCConfigurationList;
			buildConfigurations = (
				BDF8C2261DF4F5260079B102 /* Debug */,
				BDF8C2271DF4F5260079B102 /* Release */,
			);
			defaultConfigurationIsVisible = 0;
		};
/* End XCConfigurationList section */
	};
	rootObject = BDF8C20B1DF4F5260079B102 /* Project object */;
}
